
Microsoft Visual Studio Solution File, Format Version 12.00
# Visual Studio Version 16
VisualStudioVersion = 16.0.29215.179
MinimumVisualStudioVersion = 10.0.40219.1
Project("{FAE04EC0-301F-11D3-BF4B-00C04F79EFBC}") = "Core2MvcContoso", "Core2MvcContoso\Core2MvcContoso.csproj", "{92449A41-6697-42C8-98F3-395931886B9D}"
EndProject
Global
	GlobalSection(SolutionConfigurationPlatforms) = preSolution
		Debug|Any CPU = Debug|Any CPU
		Release|Any CPU = Release|Any CPU
	EndGlobalSection
	GlobalSection(ProjectConfigurationPlatforms) = postSolution
		{92449A41-6697-42C8-98F3-395931886B9D}.Debug|Any CPU.ActiveCfg = Debug|Any CPU
		{92449A41-6697-42C8-98F3-395931886B9D}.Debug|Any CPU.Build.0 = Debug|Any CPU
		{92449A41-6697-42C8-98F3-395931886B9D}.Release|Any CPU.ActiveCfg = Release|Any CPU
		{92449A41-6697-42C8-98F3-395931886B9D}.Release|Any CPU.Build.0 = Release|Any CPU
	EndGlobalSection
	GlobalSection(SolutionProperties) = preSolution
		HideSolutionNode = FALSE
	EndGlobalSection
	GlobalSection(ExtensibilityGlobals) = postSolution
		SolutionGuid = {4907576C-2A50-49AE-90EF-8D0565A8F4B5}
	EndGlobalSection
EndGlobal
